
Microsoft Visual Studio Solution File, Format Version 12.00
# Visual Studio Version 17
VisualStudioVersion = 17.6.33723.286
MinimumVisualStudioVersion = 10.0.40219.1
Project("{FAE04EC0-301F-11D3-BF4B-00C04F79EFBC}") = "postalCodeApp", "postalCodeApp\postalCodeApp.csproj", "{F16D07BA-2D48-47B8-A4A5-367D7C1E0909}"
EndProject
Global
	GlobalSection(SolutionConfigurationPlatforms) = preSolution
		Debug|Any CPU = Debug|Any CPU
		Release|Any CPU = Release|Any CPU
	EndGlobalSection
	GlobalSection(ProjectConfigurationPlatforms) = postSolution
		{F16D07BA-2D48-47B8-A4A5-367D7C1E0909}.Debug|Any CPU.ActiveCfg = Debug|Any CPU
		{F16D07BA-2D48-47B8-A4A5-367D7C1E0909}.Debug|Any CPU.Build.0 = Debug|Any CPU
		{F16D07BA-2D48-47B8-A4A5-367D7C1E0909}.Release|Any CPU.ActiveCfg = Release|Any CPU
		{F16D07BA-2D48-47B8-A4A5-367D7C1E0909}.Release|Any CPU.Build.0 = Release|Any CPU
	EndGlobalSection
	GlobalSection(SolutionProperties) = preSolution
		HideSolutionNode = FALSE
	EndGlobalSection
	GlobalSection(ExtensibilityGlobals) = postSolution
		SolutionGuid = {3C3F6527-77BB-4442-B42C-6B65A72C2C8E}
	EndGlobalSection
EndGlobal
